
Microsoft Visual Studio Solution File, Format Version 12.00
# Visual Studio Version 16
VisualStudioVersion = 16.0.31019.35
MinimumVisualStudioVersion = 10.0.40219.1
Project("{FAE04EC0-301F-11D3-BF4B-00C04F79EFBC}") = "Users.API", "Users.API\Users.API.csproj", "{AA01A0C1-B6A1-40A1-8B1B-2C610C22B2C1}"
EndProject
Project("{FAE04EC0-301F-11D3-BF4B-00C04F79EFBC}") = "Users.Domain", "Users.Domain\Users.Domain.csproj", "{F66CCFC4-F366-4E54-9761-DB38BC502F78}"
EndProject
Project("{FAE04EC0-301F-11D3-BF4B-00C04F79EFBC}") = "Users.Data", "Users.Data\Users.Data.csproj", "{05CA446B-6EC4-4E2E-895A-B2747EFCE8FC}"
EndProject
Global
	GlobalSection(SolutionConfigurationPlatforms) = preSolution
		Debug|Any CPU = Debug|Any CPU
		Release|Any CPU = Release|Any CPU
	EndGlobalSection
	GlobalSection(ProjectConfigurationPlatforms) = postSolution
		{AA01A0C1-B6A1-40A1-8B1B-2C610C22B2C1}.Debug|Any CPU.ActiveCfg = Debug|Any CPU
		{AA01A0C1-B6A1-40A1-8B1B-2C610C22B2C1}.Debug|Any CPU.Build.0 = Debug|Any CPU
		{AA01A0C1-B6A1-40A1-8B1B-2C610C22B2C1}.Release|Any CPU.ActiveCfg = Release|Any CPU
		{AA01A0C1-B6A1-40A1-8B1B-2C610C22B2C1}.Release|Any CPU.Build.0 = Release|Any CPU
		{F66CCFC4-F366-4E54-9761-DB38BC502F78}.Debug|Any CPU.ActiveCfg = Debug|Any CPU
		{F66CCFC4-F366-4E54-9761-DB38BC502F78}.Debug|Any CPU.Build.0 = Debug|Any CPU
		{F66CCFC4-F366-4E54-9761-DB38BC502F78}.Release|Any CPU.ActiveCfg = Release|Any CPU
		{F66CCFC4-F366-4E54-9761-DB38BC502F78}.Release|Any CPU.Build.0 = Release|Any CPU
		{05CA446B-6EC4-4E2E-895A-B2747EFCE8FC}.Debug|Any CPU.ActiveCfg = Debug|Any CPU
		{05CA446B-6EC4-4E2E-895A-B2747EFCE8FC}.Debug|Any CPU.Build.0 = Debug|Any CPU
		{05CA446B-6EC4-4E2E-895A-B2747EFCE8FC}.Release|Any CPU.ActiveCfg = Release|Any CPU
		{05CA446B-6EC4-4E2E-895A-B2747EFCE8FC}.Release|Any CPU.Build.0 = Release|Any CPU
	EndGlobalSection
	GlobalSection(SolutionProperties) = preSolution
		HideSolutionNode = FALSE
	EndGlobalSection
	GlobalSection(ExtensibilityGlobals) = postSolution
		SolutionGuid = {19168D49-1AD3-4321-890E-5D462242444D}
	EndGlobalSection
EndGlobal
